
Microsoft Visual Studio Solution File, Format Version 12.00
# Visual Studio 14
VisualStudioVersion = 14.0.25420.1
MinimumVisualStudioVersion = 10.0.40219.1
Project("{FAE04EC0-301F-11D3-BF4B-00C04F79EFBC}") = "001字符串string类", "001字符串string类\001字符串string类.csproj", "{16F89FCE-9BD9-4555-9CC5-44C9A3257653}"
EndProject
Project("{FAE04EC0-301F-11D3-BF4B-00C04F79EFBC}") = "002字符串stringBuilder", "002字符串stringBuilder\002字符串stringBuilder.csproj", "{01522559-3029-40B8-9447-1B0871FACEAD}"
EndProject
Project("{FAE04EC0-301F-11D3-BF4B-00C04F79EFBC}") = "003正则表达式", "003正则表达式\003正则表达式.csproj", "{812972D8-3316-4300-8EB4-992CA413D968}"
EndProject
Project("{FAE04EC0-301F-11D3-BF4B-00C04F79EFBC}") = "004委托", "004委托\004委托.csproj", "{0FF48232-0C32-4527-988B-04E587EB90C6}"
EndProject
Project("{FAE04EC0-301F-11D3-BF4B-00C04F79EFBC}") = "005Action委托", "005Action委托\005Action委托.csproj", "{1E93CBBD-F0B8-4F7A-9E12-A718E9439311}"
EndProject
Project("{FAE04EC0-301F-11D3-BF4B-00C04F79EFBC}") = "006func委托", "006func委托\006func委托.csproj", "{506C4617-A8A5-4DA2-87EB-0CF569C01FB5}"
EndProject
Project("{FAE04EC0-301F-11D3-BF4B-00C04F79EFBC}") = "007冒泡排序拓展", "007冒泡排序拓展\007冒泡排序拓展.csproj", "{B9C38CA7-8E39-49BF-8D75-021EA362BF0A}"
EndProject
Project("{FAE04EC0-301F-11D3-BF4B-00C04F79EFBC}") = "008多播委托", "008多播委托\008多播委托.csproj", "{FF2038FA-0ECE-46C6-A574-8D37C842D07F}"
EndProject
Project("{FAE04EC0-301F-11D3-BF4B-00C04F79EFBC}") = "009匿名方法", "009匿名方法\009匿名方法.csproj", "{8C28B1A0-D05C-45EA-81C3-156EBC3CF758}"
EndProject
Project("{FAE04EC0-301F-11D3-BF4B-00C04F79EFBC}") = "010Lambda表达式", "010Lambda表达式\010Lambda表达式.csproj", "{E6553958-EABF-4BCE-9037-EF1B7932DB7A}"
EndProject
Project("{FAE04EC0-301F-11D3-BF4B-00C04F79EFBC}") = "011事件", "011事件\011事件.csproj", "{126D9236-C9C7-41BC-920C-06A8CF64B7E5}"
EndProject
Project("{FAE04EC0-301F-11D3-BF4B-00C04F79EFBC}") = "012观察者设计模式猫捉老鼠", "012观察者设计模式猫捉老鼠\012观察者设计模式猫捉老鼠.csproj", "{F1F5A543-F81B-4F07-87E9-12FBB325CBC8}"
EndProject
Project("{FAE04EC0-301F-11D3-BF4B-00C04F79EFBC}") = "013LINq", "013LINq\013LINq.csproj", "{C2AF0082-C554-4902-AC6F-AD8A9C0EBC9D}"
EndProject
Project("{FAE04EC0-301F-11D3-BF4B-00C04F79EFBC}") = "014反射和特性", "014反射和特性\014反射和特性.csproj", "{53A88146-EEA1-4F7A-8092-9D350B5964DA}"
EndProject
Project("{FAE04EC0-301F-11D3-BF4B-00C04F79EFBC}") = "015特性", "015特性\015特性.csproj", "{BAAE84E2-3AD3-43EF-9781-DCE074BD5B9D}"
EndProject
Project("{FAE04EC0-301F-11D3-BF4B-00C04F79EFBC}") = "016线程委托方式发起线程", "016线程委托方式发起线程\016线程委托方式发起线程.csproj", "{FE3683A0-A4D8-4EA2-A365-1C3574FF01B5}"
EndProject
Project("{FAE04EC0-301F-11D3-BF4B-00C04F79EFBC}") = "017线程通过Thread发起线程", "017线程通过Thread发起线程\017线程通过Thread发起线程.csproj", "{FAAB4D31-1A0A-47B3-9F9D-DF1CD468B562}"
EndProject
Project("{FAE04EC0-301F-11D3-BF4B-00C04F79EFBC}") = "018线程线程池", "018线程线程池\018线程线程池.csproj", "{C5269548-AEC8-4BE9-90A0-10F024C1750C}"
EndProject
Project("{FAE04EC0-301F-11D3-BF4B-00C04F79EFBC}") = "019线程任务", "019线程任务\019线程任务.csproj", "{03FEC69E-DB31-431F-8273-E3002638605A}"
EndProject
Project("{FAE04EC0-301F-11D3-BF4B-00C04F79EFBC}") = "020线程争用问题", "020线程争用问题\020线程争用问题.csproj", "{0AD66FF2-930A-4F19-A7F6-9CA73BC7DA85}"
EndProject
Project("{FAE04EC0-301F-11D3-BF4B-00C04F79EFBC}") = "021socket编程tcp协议服务器端", "021socket编程tcp协议服务器端\021socket编程tcp协议服务器端.csproj", "{CDC46D42-17D4-4C14-9572-5E88A4328669}"
EndProject
Project("{FAE04EC0-301F-11D3-BF4B-00C04F79EFBC}") = "022聊天室sockettcp服务器端", "022聊天室sockettcp服务器端\022聊天室sockettcp服务器端.csproj", "{CB06B8C4-0037-441C-A800-A4999EB29725}"
EndProject
Project("{FAE04EC0-301F-11D3-BF4B-00C04F79EFBC}") = "023socket编程UDP协议服务器端", "023socket编程UDP协议服务器端\023socket编程UDP协议服务器端.csproj", "{DE05201D-550D-4711-BB20-378270697643}"
EndProject
Project("{FAE04EC0-301F-11D3-BF4B-00C04F79EFBC}") = "023udp协议服务器端循环接收", "023udp协议服务器端循环接收\023udp协议服务器端循环接收.csproj", "{3F573A2B-2DD5-4799-9779-0EC6FDD21214}"
EndProject
Project("{FAE04EC0-301F-11D3-BF4B-00C04F79EFBC}") = "024tcplistener", "024tcplistener\024tcplistener.csproj", "{27B707D2-0F5C-4C56-9610-99708EDC577A}"
EndProject
Project("{FAE04EC0-301F-11D3-BF4B-00C04F79EFBC}") = "025udpclient", "025udpclient\025udpclient.csproj", "{9C0FA4F7-D832-4828-9157-3D6B229F3074}"
EndProject
Project("{FAE04EC0-301F-11D3-BF4B-00C04F79EFBC}") = "026文件操作察看文件和文件夹信息", "026文件操作察看文件和文件夹信息\026文件操作察看文件和文件夹信息.csproj", "{AFA5F5BA-828C-42ED-8451-06133BD0CF32}"
EndProject
Project("{FAE04EC0-301F-11D3-BF4B-00C04F79EFBC}") = "027使用File读写文件", "027使用File读写文件\027使用File读写文件.csproj", "{0CE0DF84-9402-4D73-BFAC-70489C784803}"
EndProject
Project("{FAE04EC0-301F-11D3-BF4B-00C04F79EFBC}") = "028使用FileStream读写文件", "028使用FileStream读写文件\028使用FileStream读写文件.csproj", "{11C20784-AD29-41AA-8943-B5DAFB70F356}"
EndProject
Project("{FAE04EC0-301F-11D3-BF4B-00C04F79EFBC}") = "029使用StreamReader和StreamWriter读写文件文本", "029使用StreamReader和StreamWriter读写文件文本\029使用StreamReader和StreamWriter读写文件文本.csproj", "{B0B2066F-2CCD-450B-AD02-84C9CD263534}"
EndProject
Project("{FAE04EC0-301F-11D3-BF4B-00C04F79EFBC}") = "030项目", "030项目\030项目.csproj", "{46B5F5D1-BA2A-4501-9A5E-529E1B48E4F2}"
EndProject
Project("{FAE04EC0-301F-11D3-BF4B-00C04F79EFBC}") = "031xml文档解析技能信息", "031xml文档解析技能信息\031xml文档解析技能信息.csproj", "{5DBA7FD4-BBE3-49FC-88A9-FE90CA654FB4}"
EndProject
Global
	GlobalSection(SolutionConfigurationPlatforms) = preSolution
		Debug|Any CPU = Debug|Any CPU
		Release|Any CPU = Release|Any CPU
	EndGlobalSection
	GlobalSection(ProjectConfigurationPlatforms) = postSolution
		{16F89FCE-9BD9-4555-9CC5-44C9A3257653}.Debug|Any CPU.ActiveCfg = Debug|Any CPU
		{16F89FCE-9BD9-4555-9CC5-44C9A3257653}.Debug|Any CPU.Build.0 = Debug|Any CPU
		{16F89FCE-9BD9-4555-9CC5-44C9A3257653}.Release|Any CPU.ActiveCfg = Release|Any CPU
		{16F89FCE-9BD9-4555-9CC5-44C9A3257653}.Release|Any CPU.Build.0 = Release|Any CPU
		{01522559-3029-40B8-9447-1B0871FACEAD}.Debug|Any CPU.ActiveCfg = Debug|Any CPU
		{01522559-3029-40B8-9447-1B0871FACEAD}.Debug|Any CPU.Build.0 = Debug|Any CPU
		{01522559-3029-40B8-9447-1B0871FACEAD}.Release|Any CPU.ActiveCfg = Release|Any CPU
		{01522559-3029-40B8-9447-1B0871FACEAD}.Release|Any CPU.Build.0 = Release|Any CPU
		{812972D8-3316-4300-8EB4-992CA413D968}.Debug|Any CPU.ActiveCfg = Debug|Any CPU
		{812972D8-3316-4300-8EB4-992CA413D968}.Debug|Any CPU.Build.0 = Debug|Any CPU
		{812972D8-3316-4300-8EB4-992CA413D968}.Release|Any CPU.ActiveCfg = Release|Any CPU
		{812972D8-3316-4300-8EB4-992CA413D968}.Release|Any CPU.Build.0 = Release|Any CPU
		{0FF48232-0C32-4527-988B-04E587EB90C6}.Debug|Any CPU.ActiveCfg = Debug|Any CPU
		{0FF48232-0C32-4527-988B-04E587EB90C6}.Debug|Any CPU.Build.0 = Debug|Any CPU
		{0FF48232-0C32-4527-988B-04E587EB90C6}.Release|Any CPU.ActiveCfg = Release|Any CPU
		{0FF48232-0C32-4527-988B-04E587EB90C6}.Release|Any CPU.Build.0 = Release|Any CPU
		{1E93CBBD-F0B8-4F7A-9E12-A718E9439311}.Debug|Any CPU.ActiveCfg = Debug|Any CPU
		{1E93CBBD-F0B8-4F7A-9E12-A718E9439311}.Debug|Any CPU.Build.0 = Debug|Any CPU
		{1E93CBBD-F0B8-4F7A-9E12-A718E9439311}.Release|Any CPU.ActiveCfg = Release|Any CPU
		{1E93CBBD-F0B8-4F7A-9E12-A718E9439311}.Release|Any CPU.Build.0 = Release|Any CPU
		{506C4617-A8A5-4DA2-87EB-0CF569C01FB5}.Debug|Any CPU.ActiveCfg = Debug|Any CPU
		{506C4617-A8A5-4DA2-87EB-0CF569C01FB5}.Debug|Any CPU.Build.0 = Debug|Any CPU
		{506C4617-A8A5-4DA2-87EB-0CF569C01FB5}.Release|Any CPU.ActiveCfg = Release|Any CPU
		{506C4617-A8A5-4DA2-87EB-0CF569C01FB5}.Release|Any CPU.Build.0 = Release|Any CPU
		{B9C38CA7-8E39-49BF-8D75-021EA362BF0A}.Debug|Any CPU.ActiveCfg = Debug|Any CPU
		{B9C38CA7-8E39-49BF-8D75-021EA362BF0A}.Debug|Any CPU.Build.0 = Debug|Any CPU
		{B9C38CA7-8E39-49BF-8D75-021EA362BF0A}.Release|Any CPU.ActiveCfg = Release|Any CPU
		{B9C38CA7-8E39-49BF-8D75-021EA362BF0A}.Release|Any CPU.Build.0 = Release|Any CPU
		{FF2038FA-0ECE-46C6-A574-8D37C842D07F}.Debug|Any CPU.ActiveCfg = Debug|Any CPU
		{FF2038FA-0ECE-46C6-A574-8D37C842D07F}.Debug|Any CPU.Build.0 = Debug|Any CPU
		{FF2038FA-0ECE-46C6-A574-8D37C842D07F}.Release|Any CPU.ActiveCfg = Release|Any CPU
		{FF2038FA-0ECE-46C6-A574-8D37C842D07F}.Release|Any CPU.Build.0 = Release|Any CPU
		{8C28B1A0-D05C-45EA-81C3-156EBC3CF758}.Debug|Any CPU.ActiveCfg = Debug|Any CPU
		{8C28B1A0-D05C-45EA-81C3-156EBC3CF758}.Debug|Any CPU.Build.0 = Debug|Any CPU
		{8C28B1A0-D05C-45EA-81C3-156EBC3CF758}.Release|Any CPU.ActiveCfg = Release|Any CPU
		{8C28B1A0-D05C-45EA-81C3-156EBC3CF758}.Release|Any CPU.Build.0 = Release|Any CPU
		{E6553958-EABF-4BCE-9037-EF1B7932DB7A}.Debug|Any CPU.ActiveCfg = Debug|Any CPU
		{E6553958-EABF-4BCE-9037-EF1B7932DB7A}.Debug|Any CPU.Build.0 = Debug|Any CPU
		{E6553958-EABF-4BCE-9037-EF1B7932DB7A}.Release|Any CPU.ActiveCfg = Release|Any CPU
		{E6553958-EABF-4BCE-9037-EF1B7932DB7A}.Release|Any CPU.Build.0 = Release|Any CPU
		{126D9236-C9C7-41BC-920C-06A8CF64B7E5}.Debug|Any CPU.ActiveCfg = Debug|Any CPU
		{126D9236-C9C7-41BC-920C-06A8CF64B7E5}.Debug|Any CPU.Build.0 = Debug|Any CPU
		{126D9236-C9C7-41BC-920C-06A8CF64B7E5}.Release|Any CPU.ActiveCfg = Release|Any CPU
		{126D9236-C9C7-41BC-920C-06A8CF64B7E5}.Release|Any CPU.Build.0 = Release|Any CPU
		{F1F5A543-F81B-4F07-87E9-12FBB325CBC8}.Debug|Any CPU.ActiveCfg = Debug|Any CPU
		{F1F5A543-F81B-4F07-87E9-12FBB325CBC8}.Debug|Any CPU.Build.0 = Debug|Any CPU
		{F1F5A543-F81B-4F07-87E9-12FBB325CBC8}.Release|Any CPU.ActiveCfg = Release|Any CPU
		{F1F5A543-F81B-4F07-87E9-12FBB325CBC8}.Release|Any CPU.Build.0 = Release|Any CPU
		{C2AF0082-C554-4902-AC6F-AD8A9C0EBC9D}.Debug|Any CPU.ActiveCfg = Debug|Any CPU
		{C2AF0082-C554-4902-AC6F-AD8A9C0EBC9D}.Debug|Any CPU.Build.0 = Debug|Any CPU
		{C2AF0082-C554-4902-AC6F-AD8A9C0EBC9D}.Release|Any CPU.ActiveCfg = Release|Any CPU
		{C2AF0082-C554-4902-AC6F-AD8A9C0EBC9D}.Release|Any CPU.Build.0 = Release|Any CPU
		{53A88146-EEA1-4F7A-8092-9D350B5964DA}.Debug|Any CPU.ActiveCfg = Debug|Any CPU
		{53A88146-EEA1-4F7A-8092-9D350B5964DA}.Debug|Any CPU.Build.0 = Debug|Any CPU
		{53A88146-EEA1-4F7A-8092-9D350B5964DA}.Release|Any CPU.ActiveCfg = Release|Any CPU
		{53A88146-EEA1-4F7A-8092-9D350B5964DA}.Release|Any CPU.Build.0 = Release|Any CPU
		{BAAE84E2-3AD3-43EF-9781-DCE074BD5B9D}.Debug|Any CPU.ActiveCfg = Debug|Any CPU
		{BAAE84E2-3AD3-43EF-9781-DCE074BD5B9D}.Debug|Any CPU.Build.0 = Debug|Any CPU
		{BAAE84E2-3AD3-43EF-9781-DCE074BD5B9D}.Release|Any CPU.ActiveCfg = Release|Any CPU
		{BAAE84E2-3AD3-43EF-9781-DCE074BD5B9D}.Release|Any CPU.Build.0 = Release|Any CPU
		{FE3683A0-A4D8-4EA2-A365-1C3574FF01B5}.Debug|Any CPU.ActiveCfg = Debug|Any CPU
		{FE3683A0-A4D8-4EA2-A365-1C3574FF01B5}.Debug|Any CPU.Build.0 = Debug|Any CPU
		{FE3683A0-A4D8-4EA2-A365-1C3574FF01B5}.Release|Any CPU.ActiveCfg = Release|Any CPU
		{FE3683A0-A4D8-4EA2-A365-1C3574FF01B5}.Release|Any CPU.Build.0 = Release|Any CPU
		{FAAB4D31-1A0A-47B3-9F9D-DF1CD468B562}.Debug|Any CPU.ActiveCfg = Debug|Any CPU
		{FAAB4D31-1A0A-47B3-9F9D-DF1CD468B562}.Debug|Any CPU.Build.0 = Debug|Any CPU
		{FAAB4D31-1A0A-47B3-9F9D-DF1CD468B562}.Release|Any CPU.ActiveCfg = Release|Any CPU
		{FAAB4D31-1A0A-47B3-9F9D-DF1CD468B562}.Release|Any CPU.Build.0 = Release|Any CPU
		{C5269548-AEC8-4BE9-90A0-10F024C1750C}.Debug|Any CPU.ActiveCfg = Debug|Any CPU
		{C5269548-AEC8-4BE9-90A0-10F024C1750C}.Debug|Any CPU.Build.0 = Debug|Any CPU
		{C5269548-AEC8-4BE9-90A0-10F024C1750C}.Release|Any CPU.ActiveCfg = Release|Any CPU
		{C5269548-AEC8-4BE9-90A0-10F024C1750C}.Release|Any CPU.Build.0 = Release|Any CPU
		{03FEC69E-DB31-431F-8273-E3002638605A}.Debug|Any CPU.ActiveCfg = Debug|Any CPU
		{03FEC69E-DB31-431F-8273-E3002638605A}.Debug|Any CPU.Build.0 = Debug|Any CPU
		{03FEC69E-DB31-431F-8273-E3002638605A}.Release|Any CPU.ActiveCfg = Release|Any CPU
		{03FEC69E-DB31-431F-8273-E3002638605A}.Release|Any CPU.Build.0 = Release|Any CPU
		{0AD66FF2-930A-4F19-A7F6-9CA73BC7DA85}.Debug|Any CPU.ActiveCfg = Debug|Any CPU
		{0AD66FF2-930A-4F19-A7F6-9CA73BC7DA85}.Debug|Any CPU.Build.0 = Debug|Any CPU
		{0AD66FF2-930A-4F19-A7F6-9CA73BC7DA85}.Release|Any CPU.ActiveCfg = Release|Any CPU
		{0AD66FF2-930A-4F19-A7F6-9CA73BC7DA85}.Release|Any CPU.Build.0 = Release|Any CPU
		{CDC46D42-17D4-4C14-9572-5E88A4328669}.Debug|Any CPU.ActiveCfg = Debug|Any CPU
		{CDC46D42-17D4-4C14-9572-5E88A4328669}.Debug|Any CPU.Build.0 = Debug|Any CPU
		{CDC46D42-17D4-4C14-9572-5E88A4328669}.Release|Any CPU.ActiveCfg = Release|Any CPU
		{CDC46D42-17D4-4C14-9572-5E88A4328669}.Release|Any CPU.Build.0 = Release|Any CPU
		{CB06B8C4-0037-441C-A800-A4999EB29725}.Debug|Any CPU.ActiveCfg = Debug|Any CPU
		{CB06B8C4-0037-441C-A800-A4999EB29725}.Debug|Any CPU.Build.0 = Debug|Any CPU
		{CB06B8C4-0037-441C-A800-A4999EB29725}.Release|Any CPU.ActiveCfg = Release|Any CPU
		{CB06B8C4-0037-441C-A800-A4999EB29725}.Release|Any CPU.Build.0 = Release|Any CPU
		{DE05201D-550D-4711-BB20-378270697643}.Debug|Any CPU.ActiveCfg = Debug|Any CPU
		{DE05201D-550D-4711-BB20-378270697643}.Debug|Any CPU.Build.0 = Debug|Any CPU
		{DE05201D-550D-4711-BB20-378270697643}.Release|Any CPU.ActiveCfg = Release|Any CPU
		{DE05201D-550D-4711-BB20-378270697643}.Release|Any CPU.Build.0 = Release|Any CPU
		{3F573A2B-2DD5-4799-9779-0EC6FDD21214}.Debug|Any CPU.ActiveCfg = Debug|Any CPU
		{3F573A2B-2DD5-4799-9779-0EC6FDD21214}.Debug|Any CPU.Build.0 = Debug|Any CPU
		{3F573A2B-2DD5-4799-9779-0EC6FDD21214}.Release|Any CPU.ActiveCfg = Release|Any CPU
		{3F573A2B-2DD5-4799-9779-0EC6FDD21214}.Release|Any CPU.Build.0 = Release|Any CPU
		{27B707D2-0F5C-4C56-9610-99708EDC577A}.Debug|Any CPU.ActiveCfg = Debug|Any CPU
		{27B707D2-0F5C-4C56-9610-99708EDC577A}.Debug|Any CPU.Build.0 = Debug|Any CPU
		{27B707D2-0F5C-4C56-9610-99708EDC577A}.Release|Any CPU.ActiveCfg = Release|Any CPU
		{27B707D2-0F5C-4C56-9610-99708EDC577A}.Release|Any CPU.Build.0 = Release|Any CPU
		{9C0FA4F7-D832-4828-9157-3D6B229F3074}.Debug|Any CPU.ActiveCfg = Debug|Any CPU
		{9C0FA4F7-D832-4828-9157-3D6B229F3074}.Debug|Any CPU.Build.0 = Debug|Any CPU
		{9C0FA4F7-D832-4828-9157-3D6B229F3074}.Release|Any CPU.ActiveCfg = Release|Any CPU
		{9C0FA4F7-D832-4828-9157-3D6B229F3074}.Release|Any CPU.Build.0 = Release|Any CPU
		{AFA5F5BA-828C-42ED-8451-06133BD0CF32}.Debug|Any CPU.ActiveCfg = Debug|Any CPU
		{AFA5F5BA-828C-42ED-8451-06133BD0CF32}.Debug|Any CPU.Build.0 = Debug|Any CPU
		{AFA5F5BA-828C-42ED-8451-06133BD0CF32}.Release|Any CPU.ActiveCfg = Release|Any CPU
		{AFA5F5BA-828C-42ED-8451-06133BD0CF32}.Release|Any CPU.Build.0 = Release|Any CPU
		{0CE0DF84-9402-4D73-BFAC-70489C784803}.Debug|Any CPU.ActiveCfg = Debug|Any CPU
		{0CE0DF84-9402-4D73-BFAC-70489C784803}.Debug|Any CPU.Build.0 = Debug|Any CPU
		{0CE0DF84-9402-4D73-BFAC-70489C784803}.Release|Any CPU.ActiveCfg = Release|Any CPU
		{0CE0DF84-9402-4D73-BFAC-70489C784803}.Release|Any CPU.Build.0 = Release|Any CPU
		{11C20784-AD29-41AA-8943-B5DAFB70F356}.Debug|Any CPU.ActiveCfg = Debug|Any CPU
		{11C20784-AD29-41AA-8943-B5DAFB70F356}.Debug|Any CPU.Build.0 = Debug|Any CPU
		{11C20784-AD29-41AA-8943-B5DAFB70F356}.Release|Any CPU.ActiveCfg = Release|Any CPU
		{11C20784-AD29-41AA-8943-B5DAFB70F356}.Release|Any CPU.Build.0 = Release|Any CPU
		{B0B2066F-2CCD-450B-AD02-84C9CD263534}.Debug|Any CPU.ActiveCfg = Debug|Any CPU
		{B0B2066F-2CCD-450B-AD02-84C9CD263534}.Debug|Any CPU.Build.0 = Debug|Any CPU
		{B0B2066F-2CCD-450B-AD02-84C9CD263534}.Release|Any CPU.ActiveCfg = Release|Any CPU
		{B0B2066F-2CCD-450B-AD02-84C9CD263534}.Release|Any CPU.Build.0 = Release|Any CPU
		{46B5F5D1-BA2A-4501-9A5E-529E1B48E4F2}.Debug|Any CPU.ActiveCfg = Debug|Any CPU
		{46B5F5D1-BA2A-4501-9A5E-529E1B48E4F2}.Debug|Any CPU.Build.0 = Debug|Any CPU
		{46B5F5D1-BA2A-4501-9A5E-529E1B48E4F2}.Release|Any CPU.ActiveCfg = Release|Any CPU
		{46B5F5D1-BA2A-4501-9A5E-529E1B48E4F2}.Release|Any CPU.Build.0 = Release|Any CPU
		{5DBA7FD4-BBE3-49FC-88A9-FE90CA654FB4}.Debug|Any CPU.ActiveCfg = Debug|Any CPU
		{5DBA7FD4-BBE3-49FC-88A9-FE90CA654FB4}.Debug|Any CPU.Build.0 = Debug|Any CPU
		{5DBA7FD4-BBE3-49FC-88A9-FE90CA654FB4}.Release|Any CPU.ActiveCfg = Release|Any CPU
		{5DBA7FD4-BBE3-49FC-88A9-FE90CA654FB4}.Release|Any CPU.Build.0 = Release|Any CPU
	EndGlobalSection
	GlobalSection(SolutionProperties) = preSolution
		HideSolutionNode = FALSE
	EndGlobalSection
EndGlobal
