
Microsoft Visual Studio Solution File, Format Version 12.00
# Visual Studio 14
VisualStudioVersion = 14.0.25420.1
MinimumVisualStudioVersion = 10.0.40219.1
Project("{FAE04EC0-301F-11D3-BF4B-00C04F79EFBC}") = "001socket编程tcp协议客户端", "001socket编程tcp协议客户端\001socket编程tcp协议客户端.csproj", "{05D44399-60A1-4097-B1C7-EBC4834FC211}"
EndProject
Project("{FAE04EC0-301F-11D3-BF4B-00C04F79EFBC}") = "002socket编程udp协议客户端", "002socket编程udp协议客户端\002socket编程udp协议客户端.csproj", "{52A13974-A375-455F-8725-70AA7B94E72B}"
EndProject
Project("{FAE04EC0-301F-11D3-BF4B-00C04F79EFBC}") = "003tcpclient", "003tcpclient\003tcpclient.csproj", "{01E3AE99-777D-4AAE-BE40-4E7938E417BA}"
EndProject
Project("{FAE04EC0-301F-11D3-BF4B-00C04F79EFBC}") = "004udpclient", "004udpclient\004udpclient.csproj", "{F5A944EF-4A22-4A56-AB5E-9B3346D7A327}"
EndProject
Global
	GlobalSection(SolutionConfigurationPlatforms) = preSolution
		Debug|Any CPU = Debug|Any CPU
		Release|Any CPU = Release|Any CPU
	EndGlobalSection
	GlobalSection(ProjectConfigurationPlatforms) = postSolution
		{05D44399-60A1-4097-B1C7-EBC4834FC211}.Debug|Any CPU.ActiveCfg = Debug|Any CPU
		{05D44399-60A1-4097-B1C7-EBC4834FC211}.Debug|Any CPU.Build.0 = Debug|Any CPU
		{05D44399-60A1-4097-B1C7-EBC4834FC211}.Release|Any CPU.ActiveCfg = Release|Any CPU
		{05D44399-60A1-4097-B1C7-EBC4834FC211}.Release|Any CPU.Build.0 = Release|Any CPU
		{52A13974-A375-455F-8725-70AA7B94E72B}.Debug|Any CPU.ActiveCfg = Debug|Any CPU
		{52A13974-A375-455F-8725-70AA7B94E72B}.Debug|Any CPU.Build.0 = Debug|Any CPU
		{52A13974-A375-455F-8725-70AA7B94E72B}.Release|Any CPU.ActiveCfg = Release|Any CPU
		{52A13974-A375-455F-8725-70AA7B94E72B}.Release|Any CPU.Build.0 = Release|Any CPU
		{01E3AE99-777D-4AAE-BE40-4E7938E417BA}.Debug|Any CPU.ActiveCfg = Debug|Any CPU
		{01E3AE99-777D-4AAE-BE40-4E7938E417BA}.Debug|Any CPU.Build.0 = Debug|Any CPU
		{01E3AE99-777D-4AAE-BE40-4E7938E417BA}.Release|Any CPU.ActiveCfg = Release|Any CPU
		{01E3AE99-777D-4AAE-BE40-4E7938E417BA}.Release|Any CPU.Build.0 = Release|Any CPU
		{F5A944EF-4A22-4A56-AB5E-9B3346D7A327}.Debug|Any CPU.ActiveCfg = Debug|Any CPU
		{F5A944EF-4A22-4A56-AB5E-9B3346D7A327}.Debug|Any CPU.Build.0 = Debug|Any CPU
		{F5A944EF-4A22-4A56-AB5E-9B3346D7A327}.Release|Any CPU.ActiveCfg = Release|Any CPU
		{F5A944EF-4A22-4A56-AB5E-9B3346D7A327}.Release|Any CPU.Build.0 = Release|Any CPU
	EndGlobalSection
	GlobalSection(SolutionProperties) = preSolution
		HideSolutionNode = FALSE
	EndGlobalSection
EndGlobal
